
Microsoft Visual Studio Solution File, Format Version 12.00
# Visual Studio 15
VisualStudioVersion = 15.0.28010.2050
MinimumVisualStudioVersion = 10.0.40219.1
Project("{8BC9CEB8-8B4A-11D0-8D11-00A0C91BC942}") = "函数返回引用", "Cplusplus\Cplusplus.vcxproj", "{B15927E2-6925-4484-862C-0B5CF668F7F1}"
EndProject
Project("{8BC9CEB8-8B4A-11D0-8D11-00A0C91BC942}") = "指针引用", "指针引用\指针引用.vcxproj", "{6AC32D28-1032-4D48-A9B9-CB42D4FDF087}"
EndProject
Project("{8BC9CEB8-8B4A-11D0-8D11-00A0C91BC942}") = "常量引用", "常量引用\常量引用.vcxproj", "{4957BA7F-9E5B-44CC-AF64-6A058FA3404E}"
EndProject
Project("{8BC9CEB8-8B4A-11D0-8D11-00A0C91BC942}") = "函数重载与函数指针结合", "函数重载与函数指针结合\函数重载与函数指针结合.vcxproj", "{0764DF33-AE02-4A1C-AF72-6696D2409698}"
EndProject
Project("{8BC9CEB8-8B4A-11D0-8D11-00A0C91BC942}") = "类的声明与实现分离", "类的声明与实现分离\类的声明与实现分离.vcxproj", "{A57E199C-A7BD-4B8C-BECB-6E15BE8177A7}"
EndProject
Project("{8BC9CEB8-8B4A-11D0-8D11-00A0C91BC942}") = "作业_点圆矩形", "作业_点圆\作业_点圆.vcxproj", "{1CCF3CA6-61A7-4C72-B1DF-810DD595C267}"
EndProject
Project("{8BC9CEB8-8B4A-11D0-8D11-00A0C91BC942}") = "对象生命周期管理", "对象生命周期管理\对象生命周期管理.vcxproj", "{A8ED916B-A2AB-4C8F-A495-F32CA219A187}"
EndProject
Project("{8BC9CEB8-8B4A-11D0-8D11-00A0C91BC942}") = "数组类", "数组类\数组类.vcxproj", "{5388DB4D-CC5F-4D3B-9DC5-5B33C58849E6}"
EndProject
Project("{8BC9CEB8-8B4A-11D0-8D11-00A0C91BC942}") = "运算符重载", "运算符重载\运算符重载.vcxproj", "{543A8B56-817E-42AA-8776-FBB1E6AAFF8B}"
EndProject
Project("{8BC9CEB8-8B4A-11D0-8D11-00A0C91BC942}") = "字符串类", "字符串类\字符串类.vcxproj", "{27DB40B4-81D7-47C5-B1AF-9709D71C90D3}"
EndProject
Project("{8BC9CEB8-8B4A-11D0-8D11-00A0C91BC942}") = "继承", "继承\继承.vcxproj", "{50522B9B-063A-4BB4-B569-783732B62CBA}"
EndProject
Project("{8BC9CEB8-8B4A-11D0-8D11-00A0C91BC942}") = "多态", "多态\多态.vcxproj", "{AEFDF55F-0D83-431D-833C-0C8446844A58}"
EndProject
Project("{8BC9CEB8-8B4A-11D0-8D11-00A0C91BC942}") = "信息系统框架集成第三方产品案例", "信息系统框架集成第三方产品案例\信息系统框架集成第三方产品案例.vcxproj", "{7960D3D8-341F-4FB2-A380-604D9F04EA74}"
EndProject
Project("{8BC9CEB8-8B4A-11D0-8D11-00A0C91BC942}") = "C动态库升级成框架案例", "C动态库升级成框架案例\C动态库升级成框架案例.vcxproj", "{22EBF4C4-794F-41C6-9D5D-EE3F8ABEDF8B}"
EndProject
Project("{8BC9CEB8-8B4A-11D0-8D11-00A0C91BC942}") = "范式编程", "范式编程\范式编程.vcxproj", "{CFB319CC-A1FD-46F6-8E70-442E7D55BE24}"
EndProject
Project("{8BC9CEB8-8B4A-11D0-8D11-00A0C91BC942}") = "数组模板类", "数组模板类\数组模板类.vcxproj", "{1DEFFD7E-0380-4487-B7C4-1B42304080CA}"
EndProject
Project("{8BC9CEB8-8B4A-11D0-8D11-00A0C91BC942}") = "类型转换", "类型转换\类型转换.vcxproj", "{04AE559A-43CA-4330-A0AF-0C700FA4C5F5}"
EndProject
Project("{8BC9CEB8-8B4A-11D0-8D11-00A0C91BC942}") = "日常疑惑", "日常疑惑\日常疑惑.vcxproj", "{3BDBA8F1-7DBA-464F-BDDE-09FAE02166AA}"
EndProject
Project("{8BC9CEB8-8B4A-11D0-8D11-00A0C91BC942}") = "异常", "异常\异常.vcxproj", "{11AFDD54-80B9-4F3B-B478-2FD9D7C2F572}"
EndProject
Project("{8BC9CEB8-8B4A-11D0-8D11-00A0C91BC942}") = "输入输出", "输入输出\输入输出.vcxproj", "{7FF015B7-BBD3-4536-975B-D3C67A76BA86}"
EndProject
Project("{8BC9CEB8-8B4A-11D0-8D11-00A0C91BC942}") = "STL", "STL\STL.vcxproj", "{F55C1EE1-55B4-4D1C-AE84-67834E5AEC42}"
EndProject
Project("{8BC9CEB8-8B4A-11D0-8D11-00A0C91BC942}") = "贪食蛇", "贪食蛇\贪食蛇.vcxproj", "{A5E2AE4C-5E9C-42CE-A7B5-204832EC105C}"
EndProject
Global
	GlobalSection(SolutionConfigurationPlatforms) = preSolution
		Debug|x64 = Debug|x64
		Debug|x86 = Debug|x86
		Release|x64 = Release|x64
		Release|x86 = Release|x86
	EndGlobalSection
	GlobalSection(ProjectConfigurationPlatforms) = postSolution
		{B15927E2-6925-4484-862C-0B5CF668F7F1}.Debug|x64.ActiveCfg = Debug|x64
		{B15927E2-6925-4484-862C-0B5CF668F7F1}.Debug|x64.Build.0 = Debug|x64
		{B15927E2-6925-4484-862C-0B5CF668F7F1}.Debug|x86.ActiveCfg = Debug|Win32
		{B15927E2-6925-4484-862C-0B5CF668F7F1}.Debug|x86.Build.0 = Debug|Win32
		{B15927E2-6925-4484-862C-0B5CF668F7F1}.Release|x64.ActiveCfg = Release|x64
		{B15927E2-6925-4484-862C-0B5CF668F7F1}.Release|x64.Build.0 = Release|x64
		{B15927E2-6925-4484-862C-0B5CF668F7F1}.Release|x86.ActiveCfg = Release|Win32
		{B15927E2-6925-4484-862C-0B5CF668F7F1}.Release|x86.Build.0 = Release|Win32
		{6AC32D28-1032-4D48-A9B9-CB42D4FDF087}.Debug|x64.ActiveCfg = Debug|x64
		{6AC32D28-1032-4D48-A9B9-CB42D4FDF087}.Debug|x64.Build.0 = Debug|x64
		{6AC32D28-1032-4D48-A9B9-CB42D4FDF087}.Debug|x86.ActiveCfg = Debug|Win32
		{6AC32D28-1032-4D48-A9B9-CB42D4FDF087}.Debug|x86.Build.0 = Debug|Win32
		{6AC32D28-1032-4D48-A9B9-CB42D4FDF087}.Release|x64.ActiveCfg = Release|x64
		{6AC32D28-1032-4D48-A9B9-CB42D4FDF087}.Release|x64.Build.0 = Release|x64
		{6AC32D28-1032-4D48-A9B9-CB42D4FDF087}.Release|x86.ActiveCfg = Release|Win32
		{6AC32D28-1032-4D48-A9B9-CB42D4FDF087}.Release|x86.Build.0 = Release|Win32
		{4957BA7F-9E5B-44CC-AF64-6A058FA3404E}.Debug|x64.ActiveCfg = Debug|x64
		{4957BA7F-9E5B-44CC-AF64-6A058FA3404E}.Debug|x64.Build.0 = Debug|x64
		{4957BA7F-9E5B-44CC-AF64-6A058FA3404E}.Debug|x86.ActiveCfg = Debug|Win32
		{4957BA7F-9E5B-44CC-AF64-6A058FA3404E}.Debug|x86.Build.0 = Debug|Win32
		{4957BA7F-9E5B-44CC-AF64-6A058FA3404E}.Release|x64.ActiveCfg = Release|x64
		{4957BA7F-9E5B-44CC-AF64-6A058FA3404E}.Release|x64.Build.0 = Release|x64
		{4957BA7F-9E5B-44CC-AF64-6A058FA3404E}.Release|x86.ActiveCfg = Release|Win32
		{4957BA7F-9E5B-44CC-AF64-6A058FA3404E}.Release|x86.Build.0 = Release|Win32
		{0764DF33-AE02-4A1C-AF72-6696D2409698}.Debug|x64.ActiveCfg = Debug|x64
		{0764DF33-AE02-4A1C-AF72-6696D2409698}.Debug|x64.Build.0 = Debug|x64
		{0764DF33-AE02-4A1C-AF72-6696D2409698}.Debug|x86.ActiveCfg = Debug|Win32
		{0764DF33-AE02-4A1C-AF72-6696D2409698}.Debug|x86.Build.0 = Debug|Win32
		{0764DF33-AE02-4A1C-AF72-6696D2409698}.Release|x64.ActiveCfg = Release|x64
		{0764DF33-AE02-4A1C-AF72-6696D2409698}.Release|x64.Build.0 = Release|x64
		{0764DF33-AE02-4A1C-AF72-6696D2409698}.Release|x86.ActiveCfg = Release|Win32
		{0764DF33-AE02-4A1C-AF72-6696D2409698}.Release|x86.Build.0 = Release|Win32
		{A57E199C-A7BD-4B8C-BECB-6E15BE8177A7}.Debug|x64.ActiveCfg = Debug|x64
		{A57E199C-A7BD-4B8C-BECB-6E15BE8177A7}.Debug|x64.Build.0 = Debug|x64
		{A57E199C-A7BD-4B8C-BECB-6E15BE8177A7}.Debug|x86.ActiveCfg = Debug|Win32
		{A57E199C-A7BD-4B8C-BECB-6E15BE8177A7}.Debug|x86.Build.0 = Debug|Win32
		{A57E199C-A7BD-4B8C-BECB-6E15BE8177A7}.Release|x64.ActiveCfg = Release|x64
		{A57E199C-A7BD-4B8C-BECB-6E15BE8177A7}.Release|x64.Build.0 = Release|x64
		{A57E199C-A7BD-4B8C-BECB-6E15BE8177A7}.Release|x86.ActiveCfg = Release|Win32
		{A57E199C-A7BD-4B8C-BECB-6E15BE8177A7}.Release|x86.Build.0 = Release|Win32
		{1CCF3CA6-61A7-4C72-B1DF-810DD595C267}.Debug|x64.ActiveCfg = Debug|x64
		{1CCF3CA6-61A7-4C72-B1DF-810DD595C267}.Debug|x64.Build.0 = Debug|x64
		{1CCF3CA6-61A7-4C72-B1DF-810DD595C267}.Debug|x86.ActiveCfg = Debug|Win32
		{1CCF3CA6-61A7-4C72-B1DF-810DD595C267}.Debug|x86.Build.0 = Debug|Win32
		{1CCF3CA6-61A7-4C72-B1DF-810DD595C267}.Release|x64.ActiveCfg = Release|x64
		{1CCF3CA6-61A7-4C72-B1DF-810DD595C267}.Release|x64.Build.0 = Release|x64
		{1CCF3CA6-61A7-4C72-B1DF-810DD595C267}.Release|x86.ActiveCfg = Release|Win32
		{1CCF3CA6-61A7-4C72-B1DF-810DD595C267}.Release|x86.Build.0 = Release|Win32
		{A8ED916B-A2AB-4C8F-A495-F32CA219A187}.Debug|x64.ActiveCfg = Debug|x64
		{A8ED916B-A2AB-4C8F-A495-F32CA219A187}.Debug|x64.Build.0 = Debug|x64
		{A8ED916B-A2AB-4C8F-A495-F32CA219A187}.Debug|x86.ActiveCfg = Debug|Win32
		{A8ED916B-A2AB-4C8F-A495-F32CA219A187}.Debug|x86.Build.0 = Debug|Win32
		{A8ED916B-A2AB-4C8F-A495-F32CA219A187}.Release|x64.ActiveCfg = Release|x64
		{A8ED916B-A2AB-4C8F-A495-F32CA219A187}.Release|x64.Build.0 = Release|x64
		{A8ED916B-A2AB-4C8F-A495-F32CA219A187}.Release|x86.ActiveCfg = Release|Win32
		{A8ED916B-A2AB-4C8F-A495-F32CA219A187}.Release|x86.Build.0 = Release|Win32
		{5388DB4D-CC5F-4D3B-9DC5-5B33C58849E6}.Debug|x64.ActiveCfg = Debug|x64
		{5388DB4D-CC5F-4D3B-9DC5-5B33C58849E6}.Debug|x64.Build.0 = Debug|x64
		{5388DB4D-CC5F-4D3B-9DC5-5B33C58849E6}.Debug|x86.ActiveCfg = Debug|Win32
		{5388DB4D-CC5F-4D3B-9DC5-5B33C58849E6}.Debug|x86.Build.0 = Debug|Win32
		{5388DB4D-CC5F-4D3B-9DC5-5B33C58849E6}.Release|x64.ActiveCfg = Release|x64
		{5388DB4D-CC5F-4D3B-9DC5-5B33C58849E6}.Release|x64.Build.0 = Release|x64
		{5388DB4D-CC5F-4D3B-9DC5-5B33C58849E6}.Release|x86.ActiveCfg = Release|Win32
		{5388DB4D-CC5F-4D3B-9DC5-5B33C58849E6}.Release|x86.Build.0 = Release|Win32
		{543A8B56-817E-42AA-8776-FBB1E6AAFF8B}.Debug|x64.ActiveCfg = Debug|x64
		{543A8B56-817E-42AA-8776-FBB1E6AAFF8B}.Debug|x64.Build.0 = Debug|x64
		{543A8B56-817E-42AA-8776-FBB1E6AAFF8B}.Debug|x86.ActiveCfg = Debug|Win32
		{543A8B56-817E-42AA-8776-FBB1E6AAFF8B}.Debug|x86.Build.0 = Debug|Win32
		{543A8B56-817E-42AA-8776-FBB1E6AAFF8B}.Release|x64.ActiveCfg = Release|x64
		{543A8B56-817E-42AA-8776-FBB1E6AAFF8B}.Release|x64.Build.0 = Release|x64
		{543A8B56-817E-42AA-8776-FBB1E6AAFF8B}.Release|x86.ActiveCfg = Release|Win32
		{543A8B56-817E-42AA-8776-FBB1E6AAFF8B}.Release|x86.Build.0 = Release|Win32
		{27DB40B4-81D7-47C5-B1AF-9709D71C90D3}.Debug|x64.ActiveCfg = Debug|x64
		{27DB40B4-81D7-47C5-B1AF-9709D71C90D3}.Debug|x64.Build.0 = Debug|x64
		{27DB40B4-81D7-47C5-B1AF-9709D71C90D3}.Debug|x86.ActiveCfg = Debug|Win32
		{27DB40B4-81D7-47C5-B1AF-9709D71C90D3}.Debug|x86.Build.0 = Debug|Win32
		{27DB40B4-81D7-47C5-B1AF-9709D71C90D3}.Release|x64.ActiveCfg = Release|x64
		{27DB40B4-81D7-47C5-B1AF-9709D71C90D3}.Release|x64.Build.0 = Release|x64
		{27DB40B4-81D7-47C5-B1AF-9709D71C90D3}.Release|x86.ActiveCfg = Release|Win32
		{27DB40B4-81D7-47C5-B1AF-9709D71C90D3}.Release|x86.Build.0 = Release|Win32
		{50522B9B-063A-4BB4-B569-783732B62CBA}.Debug|x64.ActiveCfg = Debug|x64
		{50522B9B-063A-4BB4-B569-783732B62CBA}.Debug|x64.Build.0 = Debug|x64
		{50522B9B-063A-4BB4-B569-783732B62CBA}.Debug|x86.ActiveCfg = Debug|Win32
		{50522B9B-063A-4BB4-B569-783732B62CBA}.Debug|x86.Build.0 = Debug|Win32
		{50522B9B-063A-4BB4-B569-783732B62CBA}.Release|x64.ActiveCfg = Release|x64
		{50522B9B-063A-4BB4-B569-783732B62CBA}.Release|x64.Build.0 = Release|x64
		{50522B9B-063A-4BB4-B569-783732B62CBA}.Release|x86.ActiveCfg = Release|Win32
		{50522B9B-063A-4BB4-B569-783732B62CBA}.Release|x86.Build.0 = Release|Win32
		{AEFDF55F-0D83-431D-833C-0C8446844A58}.Debug|x64.ActiveCfg = Debug|x64
		{AEFDF55F-0D83-431D-833C-0C8446844A58}.Debug|x64.Build.0 = Debug|x64
		{AEFDF55F-0D83-431D-833C-0C8446844A58}.Debug|x86.ActiveCfg = Debug|Win32
		{AEFDF55F-0D83-431D-833C-0C8446844A58}.Debug|x86.Build.0 = Debug|Win32
		{AEFDF55F-0D83-431D-833C-0C8446844A58}.Release|x64.ActiveCfg = Release|x64
		{AEFDF55F-0D83-431D-833C-0C8446844A58}.Release|x64.Build.0 = Release|x64
		{AEFDF55F-0D83-431D-833C-0C8446844A58}.Release|x86.ActiveCfg = Release|Win32
		{AEFDF55F-0D83-431D-833C-0C8446844A58}.Release|x86.Build.0 = Release|Win32
		{7960D3D8-341F-4FB2-A380-604D9F04EA74}.Debug|x64.ActiveCfg = Debug|x64
		{7960D3D8-341F-4FB2-A380-604D9F04EA74}.Debug|x64.Build.0 = Debug|x64
		{7960D3D8-341F-4FB2-A380-604D9F04EA74}.Debug|x86.ActiveCfg = Debug|Win32
		{7960D3D8-341F-4FB2-A380-604D9F04EA74}.Debug|x86.Build.0 = Debug|Win32
		{7960D3D8-341F-4FB2-A380-604D9F04EA74}.Release|x64.ActiveCfg = Release|x64
		{7960D3D8-341F-4FB2-A380-604D9F04EA74}.Release|x64.Build.0 = Release|x64
		{7960D3D8-341F-4FB2-A380-604D9F04EA74}.Release|x86.ActiveCfg = Release|Win32
		{7960D3D8-341F-4FB2-A380-604D9F04EA74}.Release|x86.Build.0 = Release|Win32
		{22EBF4C4-794F-41C6-9D5D-EE3F8ABEDF8B}.Debug|x64.ActiveCfg = Debug|x64
		{22EBF4C4-794F-41C6-9D5D-EE3F8ABEDF8B}.Debug|x64.Build.0 = Debug|x64
		{22EBF4C4-794F-41C6-9D5D-EE3F8ABEDF8B}.Debug|x86.ActiveCfg = Debug|Win32
		{22EBF4C4-794F-41C6-9D5D-EE3F8ABEDF8B}.Debug|x86.Build.0 = Debug|Win32
		{22EBF4C4-794F-41C6-9D5D-EE3F8ABEDF8B}.Release|x64.ActiveCfg = Release|x64
		{22EBF4C4-794F-41C6-9D5D-EE3F8ABEDF8B}.Release|x64.Build.0 = Release|x64
		{22EBF4C4-794F-41C6-9D5D-EE3F8ABEDF8B}.Release|x86.ActiveCfg = Release|Win32
		{22EBF4C4-794F-41C6-9D5D-EE3F8ABEDF8B}.Release|x86.Build.0 = Release|Win32
		{CFB319CC-A1FD-46F6-8E70-442E7D55BE24}.Debug|x64.ActiveCfg = Debug|x64
		{CFB319CC-A1FD-46F6-8E70-442E7D55BE24}.Debug|x64.Build.0 = Debug|x64
		{CFB319CC-A1FD-46F6-8E70-442E7D55BE24}.Debug|x86.ActiveCfg = Debug|Win32
		{CFB319CC-A1FD-46F6-8E70-442E7D55BE24}.Debug|x86.Build.0 = Debug|Win32
		{CFB319CC-A1FD-46F6-8E70-442E7D55BE24}.Release|x64.ActiveCfg = Release|x64
		{CFB319CC-A1FD-46F6-8E70-442E7D55BE24}.Release|x64.Build.0 = Release|x64
		{CFB319CC-A1FD-46F6-8E70-442E7D55BE24}.Release|x86.ActiveCfg = Release|Win32
		{CFB319CC-A1FD-46F6-8E70-442E7D55BE24}.Release|x86.Build.0 = Release|Win32
		{1DEFFD7E-0380-4487-B7C4-1B42304080CA}.Debug|x64.ActiveCfg = Debug|x64
		{1DEFFD7E-0380-4487-B7C4-1B42304080CA}.Debug|x64.Build.0 = Debug|x64
		{1DEFFD7E-0380-4487-B7C4-1B42304080CA}.Debug|x86.ActiveCfg = Debug|Win32
		{1DEFFD7E-0380-4487-B7C4-1B42304080CA}.Debug|x86.Build.0 = Debug|Win32
		{1DEFFD7E-0380-4487-B7C4-1B42304080CA}.Release|x64.ActiveCfg = Release|x64
		{1DEFFD7E-0380-4487-B7C4-1B42304080CA}.Release|x64.Build.0 = Release|x64
		{1DEFFD7E-0380-4487-B7C4-1B42304080CA}.Release|x86.ActiveCfg = Release|Win32
		{1DEFFD7E-0380-4487-B7C4-1B42304080CA}.Release|x86.Build.0 = Release|Win32
		{04AE559A-43CA-4330-A0AF-0C700FA4C5F5}.Debug|x64.ActiveCfg = Debug|x64
		{04AE559A-43CA-4330-A0AF-0C700FA4C5F5}.Debug|x64.Build.0 = Debug|x64
		{04AE559A-43CA-4330-A0AF-0C700FA4C5F5}.Debug|x86.ActiveCfg = Debug|Win32
		{04AE559A-43CA-4330-A0AF-0C700FA4C5F5}.Debug|x86.Build.0 = Debug|Win32
		{04AE559A-43CA-4330-A0AF-0C700FA4C5F5}.Release|x64.ActiveCfg = Release|x64
		{04AE559A-43CA-4330-A0AF-0C700FA4C5F5}.Release|x64.Build.0 = Release|x64
		{04AE559A-43CA-4330-A0AF-0C700FA4C5F5}.Release|x86.ActiveCfg = Release|Win32
		{04AE559A-43CA-4330-A0AF-0C700FA4C5F5}.Release|x86.Build.0 = Release|Win32
		{3BDBA8F1-7DBA-464F-BDDE-09FAE02166AA}.Debug|x64.ActiveCfg = Debug|x64
		{3BDBA8F1-7DBA-464F-BDDE-09FAE02166AA}.Debug|x64.Build.0 = Debug|x64
		{3BDBA8F1-7DBA-464F-BDDE-09FAE02166AA}.Debug|x86.ActiveCfg = Debug|Win32
		{3BDBA8F1-7DBA-464F-BDDE-09FAE02166AA}.Debug|x86.Build.0 = Debug|Win32
		{3BDBA8F1-7DBA-464F-BDDE-09FAE02166AA}.Release|x64.ActiveCfg = Release|x64
		{3BDBA8F1-7DBA-464F-BDDE-09FAE02166AA}.Release|x64.Build.0 = Release|x64
		{3BDBA8F1-7DBA-464F-BDDE-09FAE02166AA}.Release|x86.ActiveCfg = Release|Win32
		{3BDBA8F1-7DBA-464F-BDDE-09FAE02166AA}.Release|x86.Build.0 = Release|Win32
		{11AFDD54-80B9-4F3B-B478-2FD9D7C2F572}.Debug|x64.ActiveCfg = Debug|x64
		{11AFDD54-80B9-4F3B-B478-2FD9D7C2F572}.Debug|x64.Build.0 = Debug|x64
		{11AFDD54-80B9-4F3B-B478-2FD9D7C2F572}.Debug|x86.ActiveCfg = Debug|Win32
		{11AFDD54-80B9-4F3B-B478-2FD9D7C2F572}.Debug|x86.Build.0 = Debug|Win32
		{11AFDD54-80B9-4F3B-B478-2FD9D7C2F572}.Release|x64.ActiveCfg = Release|x64
		{11AFDD54-80B9-4F3B-B478-2FD9D7C2F572}.Release|x64.Build.0 = Release|x64
		{11AFDD54-80B9-4F3B-B478-2FD9D7C2F572}.Release|x86.ActiveCfg = Release|Win32
		{11AFDD54-80B9-4F3B-B478-2FD9D7C2F572}.Release|x86.Build.0 = Release|Win32
		{7FF015B7-BBD3-4536-975B-D3C67A76BA86}.Debug|x64.ActiveCfg = Debug|x64
		{7FF015B7-BBD3-4536-975B-D3C67A76BA86}.Debug|x64.Build.0 = Debug|x64
		{7FF015B7-BBD3-4536-975B-D3C67A76BA86}.Debug|x86.ActiveCfg = Debug|Win32
		{7FF015B7-BBD3-4536-975B-D3C67A76BA86}.Debug|x86.Build.0 = Debug|Win32
		{7FF015B7-BBD3-4536-975B-D3C67A76BA86}.Release|x64.ActiveCfg = Release|x64
		{7FF015B7-BBD3-4536-975B-D3C67A76BA86}.Release|x64.Build.0 = Release|x64
		{7FF015B7-BBD3-4536-975B-D3C67A76BA86}.Release|x86.ActiveCfg = Release|Win32
		{7FF015B7-BBD3-4536-975B-D3C67A76BA86}.Release|x86.Build.0 = Release|Win32
		{F55C1EE1-55B4-4D1C-AE84-67834E5AEC42}.Debug|x64.ActiveCfg = Debug|x64
		{F55C1EE1-55B4-4D1C-AE84-67834E5AEC42}.Debug|x64.Build.0 = Debug|x64
		{F55C1EE1-55B4-4D1C-AE84-67834E5AEC42}.Debug|x86.ActiveCfg = Debug|Win32
		{F55C1EE1-55B4-4D1C-AE84-67834E5AEC42}.Debug|x86.Build.0 = Debug|Win32
		{F55C1EE1-55B4-4D1C-AE84-67834E5AEC42}.Release|x64.ActiveCfg = Release|x64
		{F55C1EE1-55B4-4D1C-AE84-67834E5AEC42}.Release|x64.Build.0 = Release|x64
		{F55C1EE1-55B4-4D1C-AE84-67834E5AEC42}.Release|x86.ActiveCfg = Release|Win32
		{F55C1EE1-55B4-4D1C-AE84-67834E5AEC42}.Release|x86.Build.0 = Release|Win32
		{A5E2AE4C-5E9C-42CE-A7B5-204832EC105C}.Debug|x64.ActiveCfg = Debug|x64
		{A5E2AE4C-5E9C-42CE-A7B5-204832EC105C}.Debug|x64.Build.0 = Debug|x64
		{A5E2AE4C-5E9C-42CE-A7B5-204832EC105C}.Debug|x86.ActiveCfg = Debug|Win32
		{A5E2AE4C-5E9C-42CE-A7B5-204832EC105C}.Debug|x86.Build.0 = Debug|Win32
		{A5E2AE4C-5E9C-42CE-A7B5-204832EC105C}.Release|x64.ActiveCfg = Release|x64
		{A5E2AE4C-5E9C-42CE-A7B5-204832EC105C}.Release|x64.Build.0 = Release|x64
		{A5E2AE4C-5E9C-42CE-A7B5-204832EC105C}.Release|x86.ActiveCfg = Release|Win32
		{A5E2AE4C-5E9C-42CE-A7B5-204832EC105C}.Release|x86.Build.0 = Release|Win32
	EndGlobalSection
	GlobalSection(SolutionProperties) = preSolution
		HideSolutionNode = FALSE
	EndGlobalSection
	GlobalSection(ExtensibilityGlobals) = postSolution
		SolutionGuid = {A1EDA0B8-40F5-4154-939C-CCFFABAEB378}
	EndGlobalSection
EndGlobal
