<?xml version="1.0" encoding="utf-8"?>
<Project ToolsVersion="4.0" xmlns="http://schemas.microsoft.com/developer/msbuild/2003">
  <ItemGroup>
    <Filter Include="源文件">
      <UniqueIdentifier>{4FC737F1-C7A5-4376-A066-2A32D752A2FF}</UniqueIdentifier>
      <Extensions>cpp;c;cc;cxx;def;odl;idl;hpj;bat;asm;asmx</Extensions>
    </Filter>
    <Filter Include="头文件">
      <UniqueIdentifier>{93995380-89BD-4b04-88EB-625FBE52EBFB}</UniqueIdentifier>
      <Extensions>h;hh;hpp;hxx;hm;inl;inc;ipp;xsd</Extensions>
    </Filter>
    <Filter Include="资源文件">
      <UniqueIdentifier>{67DA6AB6-F800-4c08-8B7A-83BB121AAD01}</UniqueIdentifier>
      <Extensions>rc;ico;cur;bmp;dlg;rc2;rct;bin;rgs;gif;jpg;jpeg;jpe;resx;tiff;tif;png;wav;mfcribbon-ms</Extensions>
    </Filter>
  </ItemGroup>
  <ItemGroup>
    <ClCompile Include="dm01_stl容器算法迭代器入门.cpp">
      <Filter>源文件</Filter>
    </ClCompile>
    <ClCompile Include="..\输入输出\dm02_string类.cpp">
      <Filter>源文件</Filter>
    </ClCompile>
    <ClCompile Include="dm03_vector类.cpp">
      <Filter>源文件</Filter>
    </ClCompile>
    <ClCompile Include="01 STL三大组件.cpp">
      <Filter>源文件</Filter>
    </ClCompile>
    <ClCompile Include="02 string容器.cpp">
      <Filter>源文件</Filter>
    </ClCompile>
    <ClCompile Include="dm04_deque.cpp">
      <Filter>源文件</Filter>
    </ClCompile>
    <ClCompile Include="dm06_queue容器.cpp">
      <Filter>源文件</Filter>
    </ClCompile>
    <ClCompile Include="dm07_list容器.cpp">
      <Filter>源文件</Filter>
    </ClCompile>
    <ClCompile Include="dm08_set容器.cpp">
      <Filter>源文件</Filter>
    </ClCompile>
    <ClCompile Include="dm05_static容器.cpp">
      <Filter>源文件</Filter>
    </ClCompile>
    <ClCompile Include="dm09_map容器.cpp">
      <Filter>源文件</Filter>
    </ClCompile>
    <ClCompile Include="dm10_函数对象基本使用.cpp">
      <Filter>源文件</Filter>
    </ClCompile>
    <ClCompile Include="dm11_谓词.cpp">
      <Filter>源文件</Filter>
    </ClCompile>
    <ClCompile Include="dm12_内建函数对象.cpp">
      <Filter>源文件</Filter>
    </ClCompile>
    <ClCompile Include="dm13_适配器.cpp">
      <Filter>源文件</Filter>
    </ClCompile>
    <ClCompile Include="dm14_常用遍历算法.cpp">
      <Filter>源文件</Filter>
    </ClCompile>
    <ClCompile Include="dm15_常用查找算法.cpp">
      <Filter>源文件</Filter>
    </ClCompile>
    <ClCompile Include="dm16_常用排序算法.cpp">
      <Filter>源文件</Filter>
    </ClCompile>
    <ClCompile Include="dm17_常用的拷贝替代算法.cpp">
      <Filter>源文件</Filter>
    </ClCompile>
    <ClCompile Include="dm18_常用算术生成算法.cpp">
      <Filter>源文件</Filter>
    </ClCompile>
    <ClCompile Include="dm19_常用和算法.cpp">
      <Filter>源文件</Filter>
    </ClCompile>
  </ItemGroup>
</Project>